
Microsoft Visual Studio Solution File, Format Version 12.00
# Visual Studio Version 16
VisualStudioVersion = 16.0.29215.179
MinimumVisualStudioVersion = 10.0.40219.1
Project("{FAE04EC0-301F-11D3-BF4B-00C04F79EFBC}") = "LightsOut", "LightsOut.csproj", "{870EAA89-CEF7-44AF-A352-6C8AF615A68A}"
EndProject
Global
	GlobalSection(SolutionConfigurationPlatforms) = preSolution
		Debug|Any CPU = Debug|Any CPU
		Release|Any CPU = Release|Any CPU
	EndGlobalSection
	GlobalSection(ProjectConfigurationPlatforms) = postSolution
		{870EAA89-CEF7-44AF-A352-6C8AF615A68A}.Debug|Any CPU.ActiveCfg = Debug|Any CPU
		{870EAA89-CEF7-44AF-A352-6C8AF615A68A}.Debug|Any CPU.Build.0 = Debug|Any CPU
		{870EAA89-CEF7-44AF-A352-6C8AF615A68A}.Release|Any CPU.ActiveCfg = Release|Any CPU
		{870EAA89-CEF7-44AF-A352-6C8AF615A68A}.Release|Any CPU.Build.0 = Release|Any CPU
	EndGlobalSection
	GlobalSection(SolutionProperties) = preSolution
		HideSolutionNode = FALSE
	EndGlobalSection
	GlobalSection(ExtensibilityGlobals) = postSolution
		SolutionGuid = {F3B915BA-FE2F-4ED8-BFA8-076C208735D9}
	EndGlobalSection
EndGlobal
